PODS:
  - Kingfisher (3.10.3)
  - UITestKit (0.1.0)

DEPENDENCIES:
  - Kingfisher
  - UITestKit

SPEC CHECKSUMS:
  Kingfisher: a0ac82dc5bcf0388dd74b294cf2cc13730c63436
  UITestKit: 5861427f6723ab79256507fe224b5c65955677a8

PODFILE CHECKSUM: 849aee2c422c76c8d1c5a630ea6e5f9d4555e4b2

COCOAPODS: 1.1.1
