// !$*UTF8*$!
{
	archiveVersion = 1;
	classes = {
	};
	objectVersion = 46;
	objects = {

/* Begin PBXBuildFile section */
		3666E1D71F2F637A0017A7C3 /* URLSessionPrototypingTest.swift in Sources */ = {isa = PBXBuildFile; fileRef = 3666E1D61F2F637A0017A7C3 /* URLSessionPrototypingTest.swift */; };
		36FB15971F1E7B83000E1E0F /* AppDelegate.swift in Sources */ = {isa = PBXBuildFile; fileRef = 36FB15961F1E7B83000E1E0F /* AppDelegate.swift */; };
		36FB15991F1E7B83000E1E0F /* ViewController.swift in Sources */ = {isa = PBXBuildFile; fileRef = 36FB15981F1E7B83000E1E0F /* ViewController.swift */; };
		36FB159C1F1E7B83000E1E0F /* Main.storyboard in Resources */ = {isa = PBXBuildFile; fileRef = 36FB159A1F1E7B83000E1E0F /* Main.storyboard */; };
		36FB159E1F1E7B83000E1E0F /* Assets.xcassets in Resources */ = {isa = PBXBuildFile; fileRef = 36FB159D1F1E7B83000E1E0F /* Assets.xcassets */; };
		36FB15A11F1E7B83000E1E0F /* LaunchScreen.storyboard in Resources */ = {isa = PBXBuildFile; fileRef = 36FB159F1F1E7B83000E1E0F /* LaunchScreen.storyboard */; };
		36FB15B81F1E7EFB000E1E0F /* CardDataService.swift in Sources */ = {isa = PBXBuildFile; fileRef = 36FB15B71F1E7EFB000E1E0F /* CardDataService.swift */; };
		36FB15BB1F1E816F000E1E0F /* Card.swift in Sources */ = {isa = PBXBuildFile; fileRef = 36FB15BA1F1E816F000E1E0F /* Card.swift */; };
		36FB15BE1F1E83B1000E1E0F /* CardTest.swift in Sources */ = {isa = PBXBuildFile; fileRef = 36FB15BD1F1E83B1000E1E0F /* CardTest.swift */; };
		36FB15C21F1E9067000E1E0F /* CardSearchResultTableViewCell.swift in Sources */ = {isa = PBXBuildFile; fileRef = 36FB15C11F1E9067000E1E0F /* CardSearchResultTableViewCell.swift */; };
		36FB15C41F1E91C6000E1E0F /* CardSearchResultTableViewController.swift in Sources */ = {isa = PBXBuildFile; fileRef = 36FB15C31F1E91C6000E1E0F /* CardSearchResultTableViewController.swift */; };
		36FB15C71F1E9451000E1E0F /* CardDataServiceIntegrationTest.swift in Sources */ = {isa = PBXBuildFile; fileRef = 36FB15C61F1E9451000E1E0F /* CardDataServiceIntegrationTest.swift */; };
		77B2D4F9B0139664935687E8 /* Pods_MTG_Cards.framework in Frameworks */ = {isa = PBXBuildFile; fileRef = 9E2A4BC5CD19F1140C500B46 /* Pods_MTG_Cards.framework */; };
		A06E3E4F85897D2FF4E27366 /* Pods_MTG_CardsTests.framework in Frameworks */ = {isa = PBXBuildFile; fileRef = D8C09DD5716395FC0EA95874 /* Pods_MTG_CardsTests.framework */; };
/* End PBXBuildFile section */

/* Begin PBXContainerItemProxy section */
		36FB15A81F1E7B83000E1E0F /* PBXContainerItemProxy */ = {
			isa = PBXContainerItemProxy;
			containerPortal = 36FB158B1F1E7B83000E1E0F /* Project object */;
			proxyType = 1;
			remoteGlobalIDString = 36FB15921F1E7B83000E1E0F;
			remoteInfo = "MTG Cards";
		};
/* End PBXContainerItemProxy section */

/* Begin PBXFileReference section */
		3666E1D61F2F637A0017A7C3 /* URLSessionPrototypingTest.swift */ = {isa = PBXFileReference; fileEncoding = 4; lastKnownFileType = sourcecode.swift; path = URLSessionPrototypingTest.swift; sourceTree = "<group>"; };
		36FB15931F1E7B83000E1E0F /* MTG Cards.app */ = {isa = PBXFileReference; explicitFileType = wrapper.application; includeInIndex = 0; path = "MTG Cards.app"; sourceTree = BUILT_PRODUCTS_DIR; };
		36FB15961F1E7B83000E1E0F /* AppDelegate.swift */ = {isa = PBXFileReference; lastKnownFileType = sourcecode.swift; path = AppDelegate.swift; sourceTree = "<group>"; };
		36FB15981F1E7B83000E1E0F /* ViewController.swift */ = {isa = PBXFileReference; lastKnownFileType = sourcecode.swift; path = ViewController.swift; sourceTree = "<group>"; };
		36FB159B1F1E7B83000E1E0F /* Base */ = {isa = PBXFileReference; lastKnownFileType = file.storyboard; name = Base; path = Base.lproj/Main.storyboard; sourceTree = "<group>"; };
		36FB159D1F1E7B83000E1E0F /* Assets.xcassets */ = {isa = PBXFileReference; lastKnownFileType = folder.assetcatalog; path = Assets.xcassets; sourceTree = "<group>"; };
		36FB15A01F1E7B83000E1E0F /* Base */ = {isa = PBXFileReference; lastKnownFileType = file.storyboard; name = Base; path = Base.lproj/LaunchScreen.storyboard; sourceTree = "<group>"; };
		36FB15A21F1E7B83000E1E0F /* Info.plist */ = {isa = PBXFileReference; lastKnownFileType = text.plist.xml; path = Info.plist; sourceTree = "<group>"; };
		36FB15A71F1E7B83000E1E0F /* MTG CardsTests.xctest */ = {isa = PBXFileReference; explicitFileType = wrapper.cfbundle; includeInIndex = 0; path = "MTG CardsTests.xctest"; sourceTree = BUILT_PRODUCTS_DIR; };
		36FB15AD1F1E7B83000E1E0F /* Info.plist */ = {isa = PBXFileReference; lastKnownFileType = text.plist.xml; path = Info.plist; sourceTree = "<group>"; };
		36FB15B71F1E7EFB000E1E0F /* CardDataService.swift */ = {isa = PBXFileReference; fileEncoding = 4; lastKnownFileType = sourcecode.swift; path = CardDataService.swift; sourceTree = "<group>"; };
		36FB15BA1F1E816F000E1E0F /* Card.swift */ = {isa = PBXFileReference; fileEncoding = 4; lastKnownFileType = sourcecode.swift; path = Card.swift; sourceTree = "<group>"; };
		36FB15BD1F1E83B1000E1E0F /* CardTest.swift */ = {isa = PBXFileReference; fileEncoding = 4; lastKnownFileType = sourcecode.swift; path = CardTest.swift; sourceTree = "<group>"; };
		36FB15C11F1E9067000E1E0F /* CardSearchResultTableViewCell.swift */ = {isa = PBXFileReference; fileEncoding = 4; lastKnownFileType = sourcecode.swift; path = CardSearchResultTableViewCell.swift; sourceTree = "<group>"; };
		36FB15C31F1E91C6000E1E0F /* CardSearchResultTableViewController.swift */ = {isa = PBXFileReference; fileEncoding = 4; lastKnownFileType = sourcecode.swift; path = CardSearchResultTableViewController.swift; sourceTree = "<group>"; };
		36FB15C61F1E9451000E1E0F /* CardDataServiceIntegrationTest.swift */ = {isa = PBXFileReference; fileEncoding = 4; lastKnownFileType = sourcecode.swift; path = CardDataServiceIntegrationTest.swift; sourceTree = "<group>"; };
		52959FBBFAF1E14844257618 /* Pods-MTG Cards.debug.xcconfig */ = {isa = PBXFileReference; includeInIndex = 1; lastKnownFileType = text.xcconfig; name = "Pods-MTG Cards.debug.xcconfig"; path = "Pods/Target Support Files/Pods-MTG Cards/Pods-MTG Cards.debug.xcconfig"; sourceTree = "<group>"; };
		9E2A4BC5CD19F1140C500B46 /* Pods_MTG_Cards.framework */ = {isa = PBXFileReference; explicitFileType = wrapper.framework; includeInIndex = 0; path = Pods_MTG_Cards.framework; sourceTree = BUILT_PRODUCTS_DIR; };
		A0C7D06EA111ADAFBFEA098F /* Pods-MTG CardsTests.release.xcconfig */ = {isa = PBXFileReference; includeInIndex = 1; lastKnownFileType = text.xcconfig; name = "Pods-MTG CardsTests.release.xcconfig"; path = "Pods/Target Support Files/Pods-MTG CardsTests/Pods-MTG CardsTests.release.xcconfig"; sourceTree = "<group>"; };
		C65461234A3F7A961E56E91F /* Pods-MTG CardsTests.debug.xcconfig */ = {isa = PBXFileReference; includeInIndex = 1; lastKnownFileType = text.xcconfig; name = "Pods-MTG CardsTests.debug.xcconfig"; path = "Pods/Target Support Files/Pods-MTG CardsTests/Pods-MTG CardsTests.debug.xcconfig"; sourceTree = "<group>"; };
		D8C09DD5716395FC0EA95874 /* Pods_MTG_CardsTests.framework */ = {isa = PBXFileReference; explicitFileType = wrapper.framework; includeInIndex = 0; path = Pods_MTG_CardsTests.framework; sourceTree = BUILT_PRODUCTS_DIR; };
		E574712195D7231A8B452DB8 /* Pods-MTG Cards.release.xcconfig */ = {isa = PBXFileReference; includeInIndex = 1; lastKnownFileType = text.xcconfig; name = "Pods-MTG Cards.release.xcconfig"; path = "Pods/Target Support Files/Pods-MTG Cards/Pods-MTG Cards.release.xcconfig"; sourceTree = "<group>"; };
/* End PBXFileReference section */

/* Begin PBXFrameworksBuildPhase section */
		36FB15901F1E7B83000E1E0F /* Frameworks */ = {
			isa = PBXFrameworksBuildPhase;
			buildActionMask = 2147483647;
			files = (
				77B2D4F9B0139664935687E8 /* Pods_MTG_Cards.framework in Frameworks */,
			);
			runOnlyForDeploymentPostprocessing = 0;
		};
		36FB15A41F1E7B83000E1E0F /* Frameworks */ = {
			isa = PBXFrameworksBuildPhase;
			buildActionMask = 2147483647;
			files = (
				A06E3E4F85897D2FF4E27366 /* Pods_MTG_CardsTests.framework in Frameworks */,
			);
			runOnlyForDeploymentPostprocessing = 0;
		};
/* End PBXFrameworksBuildPhase section */

/* Begin PBXGroup section */
		3666E1D51F2F63430017A7C3 /* Prototyping */ = {
			isa = PBXGroup;
			children = (
				3666E1D61F2F637A0017A7C3 /* URLSessionPrototypingTest.swift */,
			);
			name = Prototyping;
			sourceTree = "<group>";
		};
		36FB158A1F1E7B83000E1E0F = {
			isa = PBXGroup;
			children = (
				36FB15951F1E7B83000E1E0F /* MTG Cards */,
				36FB15AA1F1E7B83000E1E0F /* MTG CardsTests */,
				36FB15941F1E7B83000E1E0F /* Products */,
				9E0F146323EC36F1917D9878 /* Pods */,
				78A1547B91EB1408BB940881 /* Frameworks */,
			);
			sourceTree = "<group>";
		};
		36FB15941F1E7B83000E1E0F /* Products */ = {
			isa = PBXGroup;
			children = (
				36FB15931F1E7B83000E1E0F /* MTG Cards.app */,
				36FB15A71F1E7B83000E1E0F /* MTG CardsTests.xctest */,
			);
			name = Products;
			sourceTree = "<group>";
		};
		36FB15951F1E7B83000E1E0F /* MTG Cards */ = {
			isa = PBXGroup;
			children = (
				36FB15BF1F1E903C000E1E0F /* Controllers */,
				36FB15B91F1E8166000E1E0F /* Models */,
				36FB15B61F1E7B95000E1E0F /* Services */,
				36FB15961F1E7B83000E1E0F /* AppDelegate.swift */,
				36FB15981F1E7B83000E1E0F /* ViewController.swift */,
				36FB159A1F1E7B83000E1E0F /* Main.storyboard */,
				36FB159D1F1E7B83000E1E0F /* Assets.xcassets */,
				36FB159F1F1E7B83000E1E0F /* LaunchScreen.storyboard */,
				36FB15A21F1E7B83000E1E0F /* Info.plist */,
			);
			path = "MTG Cards";
			sourceTree = "<group>";
		};
		36FB15AA1F1E7B83000E1E0F /* MTG CardsTests */ = {
			isa = PBXGroup;
			children = (
				3666E1D51F2F63430017A7C3 /* Prototyping */,
				36FB15BC1F1E83A6000E1E0F /* Models */,
				36FB15C51F1E9431000E1E0F /* Services */,
				36FB15AD1F1E7B83000E1E0F /* Info.plist */,
			);
			path = "MTG CardsTests";
			sourceTree = "<group>";
		};
		36FB15B61F1E7B95000E1E0F /* Services */ = {
			isa = PBXGroup;
			children = (
				36FB15B71F1E7EFB000E1E0F /* CardDataService.swift */,
			);
			name = Services;
			sourceTree = "<group>";
		};
		36FB15B91F1E8166000E1E0F /* Models */ = {
			isa = PBXGroup;
			children = (
				36FB15BA1F1E816F000E1E0F /* Card.swift */,
			);
			name = Models;
			sourceTree = "<group>";
		};
		36FB15BC1F1E83A6000E1E0F /* Models */ = {
			isa = PBXGroup;
			children = (
				36FB15BD1F1E83B1000E1E0F /* CardTest.swift */,
			);
			name = Models;
			sourceTree = "<group>";
		};
		36FB15BF1F1E903C000E1E0F /* Controllers */ = {
			isa = PBXGroup;
			children = (
				36FB15C01F1E9045000E1E0F /* Views */,
				36FB15C31F1E91C6000E1E0F /* CardSearchResultTableViewController.swift */,
			);
			name = Controllers;
			sourceTree = "<group>";
		};
		36FB15C01F1E9045000E1E0F /* Views */ = {
			isa = PBXGroup;
			children = (
				36FB15C11F1E9067000E1E0F /* CardSearchResultTableViewCell.swift */,
			);
			name = Views;
			sourceTree = "<group>";
		};
		36FB15C51F1E9431000E1E0F /* Services */ = {
			isa = PBXGroup;
			children = (
				36FB15C61F1E9451000E1E0F /* CardDataServiceIntegrationTest.swift */,
			);
			name = Services;
			sourceTree = "<group>";
		};
		78A1547B91EB1408BB940881 /* Frameworks */ = {
			isa = PBXGroup;
			children = (
				9E2A4BC5CD19F1140C500B46 /* Pods_MTG_Cards.framework */,
				D8C09DD5716395FC0EA95874 /* Pods_MTG_CardsTests.framework */,
			);
			name = Frameworks;
			sourceTree = "<group>";
		};
		9E0F146323EC36F1917D9878 /* Pods */ = {
			isa = PBXGroup;
			children = (
				52959FBBFAF1E14844257618 /* Pods-MTG Cards.debug.xcconfig */,
				E574712195D7231A8B452DB8 /* Pods-MTG Cards.release.xcconfig */,
				C65461234A3F7A961E56E91F /* Pods-MTG CardsTests.debug.xcconfig */,
				A0C7D06EA111ADAFBFEA098F /* Pods-MTG CardsTests.release.xcconfig */,
			);
			name = Pods;
			sourceTree = "<group>";
		};
/* End PBXGroup section */

/* Begin PBXNativeTarget section */
		36FB15921F1E7B83000E1E0F /* MTG Cards */ = {
			isa = PBXNativeTarget;
			buildConfigurationList = 36FB15B01F1E7B83000E1E0F /* Build configuration list for PBXNativeTarget "MTG Cards" */;
			buildPhases = (
				1F3F77C19CC2AF9AEC4D7735 /* [CP] Check Pods Manifest.lock */,
				36FB158F1F1E7B83000E1E0F /* Sources */,
				36FB15901F1E7B83000E1E0F /* Frameworks */,
				36FB15911F1E7B83000E1E0F /* Resources */,
				AFBFF0C392E9B228D392D33D /* [CP] Embed Pods Frameworks */,
				09EA886B5EC998FAEC399EA3 /* [CP] Copy Pods Resources */,
			);
			buildRules = (
			);
			dependencies = (
			);
			name = "MTG Cards";
			productName = "MTG Cards";
			productReference = 36FB15931F1E7B83000E1E0F /* MTG Cards.app */;
			productType = "com.apple.product-type.application";
		};
		36FB15A61F1E7B83000E1E0F /* MTG CardsTests */ = {
			isa = PBXNativeTarget;
			buildConfigurationList = 36FB15B31F1E7B83000E1E0F /* Build configuration list for PBXNativeTarget "MTG CardsTests" */;
			buildPhases = (
				1899B4B30E377A2224FDBE18 /* [CP] Check Pods Manifest.lock */,
				36FB15A31F1E7B83000E1E0F /* Sources */,
				36FB15A41F1E7B83000E1E0F /* Frameworks */,
				36FB15A51F1E7B83000E1E0F /* Resources */,
				4C17D5980A48E17E5884E38A /* [CP] Embed Pods Frameworks */,
				C7708BC1E7F4C1FA1B4BB763 /* [CP] Copy Pods Resources */,
			);
			buildRules = (
			);
			dependencies = (
				36FB15A91F1E7B83000E1E0F /* PBXTargetDependency */,
			);
			name = "MTG CardsTests";
			productName = "MTG CardsTests";
			productReference = 36FB15A71F1E7B83000E1E0F /* MTG CardsTests.xctest */;
			productType = "com.apple.product-type.bundle.unit-test";
		};
/* End PBXNativeTarget section */

/* Begin PBXProject section */
		36FB158B1F1E7B83000E1E0F /* Project object */ = {
			isa = PBXProject;
			attributes = {
				LastSwiftUpdateCheck = 0830;
				LastUpgradeCheck = 0830;
				ORGANIZATIONNAME = "Eric Internicola";
				TargetAttributes = {
					36FB15921F1E7B83000E1E0F = {
						CreatedOnToolsVersion = 8.3.3;
						ProvisioningStyle = Automatic;
					};
					36FB15A61F1E7B83000E1E0F = {
						CreatedOnToolsVersion = 8.3.3;
						ProvisioningStyle = Automatic;
						TestTargetID = 36FB15921F1E7B83000E1E0F;
					};
				};
			};
			buildConfigurationList = 36FB158E1F1E7B83000E1E0F /* Build configuration list for PBXProject "MTG Cards" */;
			compatibilityVersion = "Xcode 3.2";
			developmentRegion = English;
			hasScannedForEncodings = 0;
			knownRegions = (
				en,
				Base,
			);
			mainGroup = 36FB158A1F1E7B83000E1E0F;
			productRefGroup = 36FB15941F1E7B83000E1E0F /* Products */;
			projectDirPath = "";
			projectRoot = "";
			targets = (
				36FB15921F1E7B83000E1E0F /* MTG Cards */,
				36FB15A61F1E7B83000E1E0F /* MTG CardsTests */,
			);
		};
/* End PBXProject section */

/* Begin PBXResourcesBuildPhase section */
		36FB15911F1E7B83000E1E0F /* Resources */ = {
			isa = PBXResourcesBuildPhase;
			buildActionMask = 2147483647;
			files = (
				36FB15A11F1E7B83000E1E0F /* LaunchScreen.storyboard in Resources */,
				36FB159E1F1E7B83000E1E0F /* Assets.xcassets in Resources */,
				36FB159C1F1E7B83000E1E0F /* Main.storyboard in Resources */,
			);
			runOnlyForDeploymentPostprocessing = 0;
		};
		36FB15A51F1E7B83000E1E0F /* Resources */ = {
			isa = PBXResourcesBuildPhase;
			buildActionMask = 2147483647;
			files = (
			);
			runOnlyForDeploymentPostprocessing = 0;
		};
/* End PBXResourcesBuildPhase section */

/* Begin PBXShellScriptBuildPhase section */
		09EA886B5EC998FAEC399EA3 /* [CP] Copy Pods Resources */ = {
			isa = PBXShellScriptBuildPhase;
			buildActionMask = 2147483647;
			files = (
			);
			inputPaths = (
			);
			name = "[CP] Copy Pods Resources";
			outputPaths = (
			);
			runOnlyForDeploymentPostprocessing = 0;
			shellPath = /bin/sh;
			shellScript = "\"${SRCROOT}/Pods/Target Support Files/Pods-MTG Cards/Pods-MTG Cards-resources.sh\"\n";
			showEnvVarsInLog = 0;
		};
		1899B4B30E377A2224FDBE18 /* [CP] Check Pods Manifest.lock */ = {
			isa = PBXShellScriptBuildPhase;
			buildActionMask = 2147483647;
			files = (
			);
			inputPaths = (
			);
			name = "[CP] Check Pods Manifest.lock";
			outputPaths = (
			);
			runOnlyForDeploymentPostprocessing = 0;
			shellPath = /bin/sh;
			shellScript = "diff \"${PODS_ROOT}/../Podfile.lock\" \"${PODS_ROOT}/Manifest.lock\" > /dev/null\nif [ $? != 0 ] ; then\n    # print error to STDERR\n    echo \"error: The sandbox is not in sync with the Podfile.lock. Run 'pod install' or update your CocoaPods installation.\" >&2\n    exit 1\nfi\n";
			showEnvVarsInLog = 0;
		};
		1F3F77C19CC2AF9AEC4D7735 /* [CP] Check Pods Manifest.lock */ = {
			isa = PBXShellScriptBuildPhase;
			buildActionMask = 2147483647;
			files = (
			);
			inputPaths = (
			);
			name = "[CP] Check Pods Manifest.lock";
			outputPaths = (
			);
			runOnlyForDeploymentPostprocessing = 0;
			shellPath = /bin/sh;
			shellScript = "diff \"${PODS_ROOT}/../Podfile.lock\" \"${PODS_ROOT}/Manifest.lock\" > /dev/null\nif [ $? != 0 ] ; then\n    # print error to STDERR\n    echo \"error: The sandbox is not in sync with the Podfile.lock. Run 'pod install' or update your CocoaPods installation.\" >&2\n    exit 1\nfi\n";
			showEnvVarsInLog = 0;
		};
		4C17D5980A48E17E5884E38A /* [CP] Embed Pods Frameworks */ = {
			isa = PBXShellScriptBuildPhase;
			buildActionMask = 2147483647;
			files = (
			);
			inputPaths = (
			);
			name = "[CP] Embed Pods Frameworks";
			outputPaths = (
			);
			runOnlyForDeploymentPostprocessing = 0;
			shellPath = /bin/sh;
			shellScript = "\"${SRCROOT}/Pods/Target Support Files/Pods-MTG CardsTests/Pods-MTG CardsTests-frameworks.sh\"\n";
			showEnvVarsInLog = 0;
		};
		AFBFF0C392E9B228D392D33D /* [CP] Embed Pods Frameworks */ = {
			isa = PBXShellScriptBuildPhase;
			buildActionMask = 2147483647;
			files = (
			);
			inputPaths = (
			);
			name = "[CP] Embed Pods Frameworks";
			outputPaths = (
			);
			runOnlyForDeploymentPostprocessing = 0;
			shellPath = /bin/sh;
			shellScript = "\"${SRCROOT}/Pods/Target Support Files/Pods-MTG Cards/Pods-MTG Cards-frameworks.sh\"\n";
			showEnvVarsInLog = 0;
		};
		C7708BC1E7F4C1FA1B4BB763 /* [CP] Copy Pods Resources */ = {
			isa = PBXShellScriptBuildPhase;
			buildActionMask = 2147483647;
			files = (
			);
			inputPaths = (
			);
			name = "[CP] Copy Pods Resources";
			outputPaths = (
			);
			runOnlyForDeploymentPostprocessing = 0;
			shellPath = /bin/sh;
			shellScript = "\"${SRCROOT}/Pods/Target Support Files/Pods-MTG CardsTests/Pods-MTG CardsTests-resources.sh\"\n";
			showEnvVarsInLog = 0;
		};
/* End PBXShellScriptBuildPhase section */

/* Begin PBXSourcesBuildPhase section */
		36FB158F1F1E7B83000E1E0F /* Sources */ = {
			isa = PBXSourcesBuildPhase;
			buildActionMask = 2147483647;
			files = (
				36FB15B81F1E7EFB000E1E0F /* CardDataService.swift in Sources */,
				36FB15991F1E7B83000E1E0F /* ViewController.swift in Sources */,
				36FB15C21F1E9067000E1E0F /* CardSearchResultTableViewCell.swift in Sources */,
				36FB15971F1E7B83000E1E0F /* AppDelegate.swift in Sources */,
				36FB15C41F1E91C6000E1E0F /* CardSearchResultTableViewController.swift in Sources */,
				36FB15BB1F1E816F000E1E0F /* Card.swift in Sources */,
			);
			runOnlyForDeploymentPostprocessing = 0;
		};
		36FB15A31F1E7B83000E1E0F /* Sources */ = {
			isa = PBXSourcesBuildPhase;
			buildActionMask = 2147483647;
			files = (
				36FB15C71F1E9451000E1E0F /* CardDataServiceIntegrationTest.swift in Sources */,
				36FB15BE1F1E83B1000E1E0F /* CardTest.swift in Sources */,
				3666E1D71F2F637A0017A7C3 /* URLSessionPrototypingTest.swift in Sources */,
			);
			runOnlyForDeploymentPostprocessing = 0;
		};
/* End PBXSourcesBuildPhase section */

/* Begin PBXTargetDependency section */
		36FB15A91F1E7B83000E1E0F /* PBXTargetDependency */ = {
			isa = PBXTargetDependency;
			target = 36FB15921F1E7B83000E1E0F /* MTG Cards */;
			targetProxy = 36FB15A81F1E7B83000E1E0F /* PBXContainerItemProxy */;
		};
/* End PBXTargetDependency section */

/* Begin PBXVariantGroup section */
		36FB159A1F1E7B83000E1E0F /* Main.storyboard */ = {
			isa = PBXVariantGroup;
			children = (
				36FB159B1F1E7B83000E1E0F /* Base */,
			);
			name = Main.storyboard;
			sourceTree = "<group>";
		};
		36FB159F1F1E7B83000E1E0F /* LaunchScreen.storyboard */ = {
			isa = PBXVariantGroup;
			children = (
				36FB15A01F1E7B83000E1E0F /* Base */,
			);
			name = LaunchScreen.storyboard;
			sourceTree = "<group>";
		};
/* End PBXVariantGroup section */

/* Begin XCBuildConfiguration section */
		36FB15AE1F1E7B83000E1E0F /* Debug */ = {
			isa = XCBuildConfiguration;
			buildSettings = {
				ALWAYS_SEARCH_USER_PATHS = NO;
				CLANG_ANALYZER_NONNULL = YES;
				CLANG_ANALYZER_NUMBER_OBJECT_CONVERSION = YES_AGGRESSIVE;
				CLANG_CXX_LANGUAGE_STANDARD = "gnu++0x";
				CLANG_CXX_LIBRARY = "libc++";
				CLANG_ENABLE_MODULES = YES;
				CLANG_ENABLE_OBJC_ARC = YES;
				CLANG_WARN_BOOL_CONVERSION = YES;
				CLANG_WARN_CONSTANT_CONVERSION = YES;
				CLANG_WARN_DIRECT_OBJC_ISA_USAGE = YES_ERROR;
				CLANG_WARN_DOCUMENTATION_COMMENTS = YES;
				CLANG_WARN_EMPTY_BODY = YES;
				CLANG_WARN_ENUM_CONVERSION = YES;
				CLANG_WARN_INFINITE_RECURSION = YES;
				CLANG_WARN_INT_CONVERSION = YES;
				CLANG_WARN_OBJC_ROOT_CLASS = YES_ERROR;
				CLANG_WARN_SUSPICIOUS_MOVE = YES;
				CLANG_WARN_UNREACHABLE_CODE = YES;
				CLANG_WARN__DUPLICATE_METHOD_MATCH = YES;
				"CODE_SIGN_IDENTITY[sdk=iphoneos*]" = "iPhone Developer";
				COPY_PHASE_STRIP = NO;
				DEBUG_INFORMATION_FORMAT = dwarf;
				ENABLE_STRICT_OBJC_MSGSEND = YES;
				ENABLE_TESTABILITY = YES;
				GCC_C_LANGUAGE_STANDARD = gnu99;
				GCC_DYNAMIC_NO_PIC = NO;
				GCC_NO_COMMON_BLOCKS = YES;
				GCC_OPTIMIZATION_LEVEL = 0;
				GCC_PREPROCESSOR_DEFINITIONS = (
					"DEBUG=1",
					"$(inherited)",
				);
				GCC_WARN_64_TO_32_BIT_CONVERSION = YES;
				GCC_WARN_ABOUT_RETURN_TYPE = YES_ERROR;
				GCC_WARN_UNDECLARED_SELECTOR = YES;
				GCC_WARN_UNINITIALIZED_AUTOS = YES_AGGRESSIVE;
				GCC_WARN_UNUSED_FUNCTION = YES;
				GCC_WARN_UNUSED_VARIABLE = YES;
				IPHONEOS_DEPLOYMENT_TARGET = 10.3;
				MTL_ENABLE_DEBUG_INFO = YES;
				ONLY_ACTIVE_ARCH = YES;
				SDKROOT = iphoneos;
				SWIFT_ACTIVE_COMPILATION_CONDITIONS = DEBUG;
				SWIFT_OPTIMIZATION_LEVEL = "-Onone";
				TARGETED_DEVICE_FAMILY = "1,2";
			};
			name = Debug;
		};
		36FB15AF1F1E7B83000E1E0F /* Release */ = {
			isa = XCBuildConfiguration;
			buildSettings = {
				ALWAYS_SEARCH_USER_PATHS = NO;
				CLANG_ANALYZER_NONNULL = YES;
				CLANG_ANALYZER_NUMBER_OBJECT_CONVERSION = YES_AGGRESSIVE;
				CLANG_CXX_LANGUAGE_STANDARD = "gnu++0x";
				CLANG_CXX_LIBRARY = "libc++";
				CLANG_ENABLE_MODULES = YES;
				CLANG_ENABLE_OBJC_ARC = YES;
				CLANG_WARN_BOOL_CONVERSION = YES;
				CLANG_WARN_CONSTANT_CONVERSION = YES;
				CLANG_WARN_DIRECT_OBJC_ISA_USAGE = YES_ERROR;
				CLANG_WARN_DOCUMENTATION_COMMENTS = YES;
				CLANG_WARN_EMPTY_BODY = YES;
				CLANG_WARN_ENUM_CONVERSION = YES;
				CLANG_WARN_INFINITE_RECURSION = YES;
				CLANG_WARN_INT_CONVERSION = YES;
				CLANG_WARN_OBJC_ROOT_CLASS = YES_ERROR;
				CLANG_WARN_SUSPICIOUS_MOVE = YES;
				CLANG_WARN_UNREACHABLE_CODE = YES;
				CLANG_WARN__DUPLICATE_METHOD_MATCH = YES;
				"CODE_SIGN_IDENTITY[sdk=iphoneos*]" = "iPhone Developer";
				COPY_PHASE_STRIP = NO;
				DEBUG_INFORMATION_FORMAT = "dwarf-with-dsym";
				ENABLE_NS_ASSERTIONS = NO;
				ENABLE_STRICT_OBJC_MSGSEND = YES;
				GCC_C_LANGUAGE_STANDARD = gnu99;
				GCC_NO_COMMON_BLOCKS = YES;
				GCC_WARN_64_TO_32_BIT_CONVERSION = YES;
				GCC_WARN_ABOUT_RETURN_TYPE = YES_ERROR;
				GCC_WARN_UNDECLARED_SELECTOR = YES;
				GCC_WARN_UNINITIALIZED_AUTOS = YES_AGGRESSIVE;
				GCC_WARN_UNUSED_FUNCTION = YES;
				GCC_WARN_UNUSED_VARIABLE = YES;
				IPHONEOS_DEPLOYMENT_TARGET = 10.3;
				MTL_ENABLE_DEBUG_INFO = NO;
				SDKROOT = iphoneos;
				SWIFT_OPTIMIZATION_LEVEL = "-Owholemodule";
				TARGETED_DEVICE_FAMILY = "1,2";
				VALIDATE_PRODUCT = YES;
			};
			name = Release;
		};
		36FB15B11F1E7B83000E1E0F /* Debug */ = {
			isa = XCBuildConfiguration;
			baseConfigurationReference = 52959FBBFAF1E14844257618 /* Pods-MTG Cards.debug.xcconfig */;
			buildSettings = {
				ASSETCATALOG_COMPILER_APPICON_NAME = AppIcon;
				INFOPLIST_FILE = "MTG Cards/Info.plist";
				LD_RUNPATH_SEARCH_PATHS = "$(inherited) @executable_path/Frameworks";
				PRODUCT_BUNDLE_IDENTIFIER = "com.intere.MTG-Cards";
				PRODUCT_NAME = "$(TARGET_NAME)";
				SWIFT_VERSION = 3.0;
			};
			name = Debug;
		};
		36FB15B21F1E7B83000E1E0F /* Release */ = {
			isa = XCBuildConfiguration;
			baseConfigurationReference = E574712195D7231A8B452DB8 /* Pods-MTG Cards.release.xcconfig */;
			buildSettings = {
				ASSETCATALOG_COMPILER_APPICON_NAME = AppIcon;
				INFOPLIST_FILE = "MTG Cards/Info.plist";
				LD_RUNPATH_SEARCH_PATHS = "$(inherited) @executable_path/Frameworks";
				PRODUCT_BUNDLE_IDENTIFIER = "com.intere.MTG-Cards";
				PRODUCT_NAME = "$(TARGET_NAME)";
				SWIFT_VERSION = 3.0;
			};
			name = Release;
		};
		36FB15B41F1E7B83000E1E0F /* Debug */ = {
			isa = XCBuildConfiguration;
			baseConfigurationReference = C65461234A3F7A961E56E91F /* Pods-MTG CardsTests.debug.xcconfig */;
			buildSettings = {
				ALWAYS_EMBED_SWIFT_STANDARD_LIBRARIES = YES;
				BUNDLE_LOADER = "$(TEST_HOST)";
				INFOPLIST_FILE = "MTG CardsTests/Info.plist";
				LD_RUNPATH_SEARCH_PATHS = "$(inherited) @executable_path/Frameworks @loader_path/Frameworks";
				PRODUCT_BUNDLE_IDENTIFIER = "com.intere.MTG-CardsTests";
				PRODUCT_NAME = "$(TARGET_NAME)";
				SWIFT_VERSION = 3.0;
				TEST_HOST = "$(BUILT_PRODUCTS_DIR)/MTG Cards.app/MTG Cards";
			};
			name = Debug;
		};
		36FB15B51F1E7B83000E1E0F /* Release */ = {
			isa = XCBuildConfiguration;
			baseConfigurationReference = A0C7D06EA111ADAFBFEA098F /* Pods-MTG CardsTests.release.xcconfig */;
			buildSettings = {
				ALWAYS_EMBED_SWIFT_STANDARD_LIBRARIES = YES;
				BUNDLE_LOADER = "$(TEST_HOST)";
				INFOPLIST_FILE = "MTG CardsTests/Info.plist";
				LD_RUNPATH_SEARCH_PATHS = "$(inherited) @executable_path/Frameworks @loader_path/Frameworks";
				PRODUCT_BUNDLE_IDENTIFIER = "com.intere.MTG-CardsTests";
				PRODUCT_NAME = "$(TARGET_NAME)";
				SWIFT_VERSION = 3.0;
				TEST_HOST = "$(BUILT_PRODUCTS_DIR)/MTG Cards.app/MTG Cards";
			};
			name = Release;
		};
/* End XCBuildConfiguration section */

/* Begin XCConfigurationList section */
		36FB158E1F1E7B83000E1E0F /* Build configuration list for PBXProject "MTG Cards" */ = {
			isa = XCConfigurationList;
			buildConfigurations = (
				36FB15AE1F1E7B83000E1E0F /* Debug */,
				36FB15AF1F1E7B83000E1E0F /* Release */,
			);
			defaultConfigurationIsVisible = 0;
			defaultConfigurationName = Release;
		};
		36FB15B01F1E7B83000E1E0F /* Build configuration list for PBXNativeTarget "MTG Cards" */ = {
			isa = XCConfigurationList;
			buildConfigurations = (
				36FB15B11F1E7B83000E1E0F /* Debug */,
				36FB15B21F1E7B83000E1E0F /* Release */,
			);
			defaultConfigurationIsVisible = 0;
			defaultConfigurationName = Release;
		};
		36FB15B31F1E7B83000E1E0F /* Build configuration list for PBXNativeTarget "MTG CardsTests" */ = {
			isa = XCConfigurationList;
			buildConfigurations = (
				36FB15B41F1E7B83000E1E0F /* Debug */,
				36FB15B51F1E7B83000E1E0F /* Release */,
			);
			defaultConfigurationIsVisible = 0;
			defaultConfigurationName = Release;
		};
/* End XCConfigurationList section */
	};
	rootObject = 36FB158B1F1E7B83000E1E0F /* Project object */;
}
